// !$*UTF8*$!
{
	archiveVersion = 1;
	classes = {
	};
	objectVersion = 46;
	objects = {

/* Begin PBXBuildFile section */
		6587DD22193B1D1100C2741E /* Foundation.framework in Frameworks */ = {isa = PBXBuildFile; fileRef = 6587DD21193B1D1100C2741E /* Foundation.framework */; };
		6587DD24193B1D1100C2741E /* CoreGraphics.framework in Frameworks */ = {isa = PBXBuildFile; fileRef = 6587DD23193B1D1100C2741E /* CoreGraphics.framework */; };
		6587DD26193B1D1100C2741E /* UIKit.framework in Frameworks */ = {isa = PBXBuildFile; fileRef = 6587DD25193B1D1100C2741E /* UIKit.framework */; };
		6587DD2C193B1D1100C2741E /* InfoPlist.strings in Resources */ = {isa = PBXBuildFile; fileRef = 6587DD2A193B1D1100C2741E /* InfoPlist.strings */; };
		6587DD2E193B1D1100C2741E /* main.m in Sources */ = {isa = PBXBuildFile; fileRef = 6587DD2D193B1D1100C2741E /* main.m */; };
		6587DD32193B1D1100C2741E /* AppDelegate.m in Sources */ = {isa = PBXBuildFile; fileRef = 6587DD31193B1D1100C2741E /* AppDelegate.m */; };
		6587DD35193B1D1200C2741E /* Main.storyboard in Resources */ = {isa = PBXBuildFile; fileRef = 6587DD33193B1D1100C2741E /* Main.storyboard */; };
		6587DD38193B1D1200C2741E /* ViewController.m in Sources */ = {isa = PBXBuildFile; fileRef = 6587DD37193B1D1200C2741E /* ViewController.m */; };
		6587DD3A193B1D1200C2741E /* Images.xcassets in Resources */ = {isa = PBXBuildFile; fileRef = 6587DD39193B1D1200C2741E /* Images.xcassets */; };
		6587DD41193B1D1200C2741E /* XCTest.framework in Frameworks */ = {isa = PBXBuildFile; fileRef = 6587DD40193B1D1200C2741E /* XCTest.framework */; };
		6587DD42193B1D1200C2741E /* Foundation.framework in Frameworks */ = {isa = PBXBuildFile; fileRef = 6587DD21193B1D1100C2741E /* Foundation.framework */; };
		6587DD43193B1D1200C2741E /* UIKit.framework in Frameworks */ = {isa = PBXBuildFile; fileRef = 6587DD25193B1D1100C2741E /* UIKit.framework */; };
		6587DD4B193B1D1200C2741E /* InfoPlist.strings in Resources */ = {isa = PBXBuildFile; fileRef = 6587DD49193B1D1200C2741E /* InfoPlist.strings */; };
		6587DD4D193B1D1200C2741E /* Tabletop_MazeTests.m in Sources */ = {isa = PBXBuildFile; fileRef = 6587DD4C193B1D1200C2741E /* Tabletop_MazeTests.m */; };
/* End PBXBuildFile section */

/* Begin PBXContainerItemProxy section */
		6587DD44193B1D1200C2741E /* PBXContainerItemProxy */ = {
			isa = PBXContainerItemProxy;
			containerPortal = 6587DD16193B1D1100C2741E /* Project object */;
			proxyType = 1;
			remoteGlobalIDString = 6587DD1D193B1D1100C2741E;
			remoteInfo = "Tabletop Maze";
		};
/* End PBXContainerItemProxy section */

/* Begin PBXFileReference section */
		6587DD1E193B1D1100C2741E /* Tabletop Maze.app */ = {isa = PBXFileReference; explicitFileType = wrapper.application; includeInIndex = 0; path = "Tabletop Maze.app"; sourceTree = BUILT_PRODUCTS_DIR; };
		6587DD21193B1D1100C2741E /* Foundation.framework */ = {isa = PBXFileReference; lastKnownFileType = wrapper.framework; name = Foundation.framework; path = System/Library/Frameworks/Foundation.framework; sourceTree = SDKROOT; };
		6587DD23193B1D1100C2741E /* CoreGraphics.framework */ = {isa = PBXFileReference; lastKnownFileType = wrapper.framework; name = CoreGraphics.framework; path = System/Library/Frameworks/CoreGraphics.framework; sourceTree = SDKROOT; };
		6587DD25193B1D1100C2741E /* UIKit.framework */ = {isa = PBXFileReference; lastKnownFileType = wrapper.framework; name = UIKit.framework; path = System/Library/Frameworks/UIKit.framework; sourceTree = SDKROOT; };
		6587DD29193B1D1100C2741E /* Tabletop Maze-Info.plist */ = {isa = PBXFileReference; lastKnownFileType = text.plist.xml; path = "Tabletop Maze-Info.plist"; sourceTree = "<group>"; };
		6587DD2B193B1D1100C2741E /* en */ = {isa = PBXFileReference; lastKnownFileType = text.plist.strings; name = en; path = en.lproj/InfoPlist.strings; sourceTree = "<group>"; };
		6587DD2D193B1D1100C2741E /* main.m */ = {isa = PBXFileReference; lastKnownFileType = sourcecode.c.objc; path = main.m; sourceTree = "<group>"; };
		6587DD2F193B1D1100C2741E /* Tabletop Maze-Prefix.pch */ = {isa = PBXFileReference; lastKnownFileType = sourcecode.c.h; path = "Tabletop Maze-Prefix.pch"; sourceTree = "<group>"; };
		6587DD30193B1D1100C2741E /* AppDelegate.h */ = {isa = PBXFileReference; lastKnownFileType = sourcecode.c.h; path = AppDelegate.h; sourceTree = "<group>"; };
		6587DD31193B1D1100C2741E /* AppDelegate.m */ = {isa = PBXFileReference; lastKnownFileType = sourcecode.c.objc; path = AppDelegate.m; sourceTree = "<group>"; };
		6587DD34193B1D1100C2741E /* Base */ = {isa = PBXFileReference; lastKnownFileType = file.storyboard; name = Base; path = Base.lproj/Main.storyboard; sourceTree = "<group>"; };
		6587DD36193B1D1200C2741E /* ViewController.h */ = {isa = PBXFileReference; lastKnownFileType = sourcecode.c.h; path = ViewController.h; sourceTree = "<group>"; };
		6587DD37193B1D1200C2741E /* ViewController.m */ = {isa = PBXFileReference; lastKnownFileType = sourcecode.c.objc; path = ViewController.m; sourceTree = "<group>"; };
		6587DD39193B1D1200C2741E /* Images.xcassets */ = {isa = PBXFileReference; lastKnownFileType = folder.assetcatalog; path = Images.xcassets; sourceTree = "<group>"; };
		6587DD3F193B1D1200C2741E /* Tabletop MazeTests.xctest */ = {isa = PBXFileReference; explicitFileType = wrapper.cfbundle; includeInIndex = 0; path = "Tabletop MazeTests.xctest"; sourceTree = BUILT_PRODUCTS_DIR; };
		6587DD40193B1D1200C2741E /* XCTest.framework */ = {isa = PBXFileReference; lastKnownFileType = wrapper.framework; name = XCTest.framework; path = Library/Frameworks/XCTest.framework; sourceTree = DEVELOPER_DIR; };
		6587DD48193B1D1200C2741E /* Tabletop MazeTests-Info.plist */ = {isa = PBXFileReference; lastKnownFileType = text.plist.xml; path = "Tabletop MazeTests-Info.plist"; sourceTree = "<group>"; };
		6587DD4A193B1D1200C2741E /* en */ = {isa = PBXFileReference; lastKnownFileType = text.plist.strings; name = en; path = en.lproj/InfoPlist.strings; sourceTree = "<group>"; };
		6587DD4C193B1D1200C2741E /* Tabletop_MazeTests.m */ = {isa = PBXFileReference; lastKnownFileType = sourcecode.c.objc; path = Tabletop_MazeTests.m; sourceTree = "<group>"; };
/* End PBXFileReference section */

/* Begin PBXFrameworksBuildPhase section */
		6587DD1B193B1D1100C2741E /* Frameworks */ = {
			isa = PBXFrameworksBuildPhase;
			buildActionMask = 2147483647;
			files = (
				6587DD24193B1D1100C2741E /* CoreGraphics.framework in Frameworks */,
				6587DD26193B1D1100C2741E /* UIKit.framework in Frameworks */,
				6587DD22193B1D1100C2741E /* Foundation.framework in Frameworks */,
			);
			runOnlyForDeploymentPostprocessing = 0;
		};
		6587DD3C193B1D1200C2741E /* Frameworks */ = {
			isa = PBXFrameworksBuildPhase;
			buildActionMask = 2147483647;
			files = (
				6587DD41193B1D1200C2741E /* XCTest.framework in Frameworks */,
				6587DD43193B1D1200C2741E /* UIKit.framework in Frameworks */,
				6587DD42193B1D1200C2741E /* Foundation.framework in Frameworks */,
			);
			runOnlyForDeploymentPostprocessing = 0;
		};
/* End PBXFrameworksBuildPhase section */

/* Begin PBXGroup section */
		6587DD15193B1D1100C2741E = {
			isa = PBXGroup;
			children = (
				6587DD27193B1D1100C2741E /* Tabletop Maze */,
				6587DD46193B1D1200C2741E /* Tabletop MazeTests */,
				6587DD20193B1D1100C2741E /* Frameworks */,
				6587DD1F193B1D1100C2741E /* Products */,
			);
			sourceTree = "<group>";
		};
		6587DD1F193B1D1100C2741E /* Products */ = {
			isa = PBXGroup;
			children = (
				6587DD1E193B1D1100C2741E /* Tabletop Maze.app */,
				6587DD3F193B1D1200C2741E /* Tabletop MazeTests.xctest */,
			);
			name = Products;
			sourceTree = "<group>";
		};
		6587DD20193B1D1100C2741E /* Frameworks */ = {
			isa = PBXGroup;
			children = (
				6587DD21193B1D1100C2741E /* Foundation.framework */,
				6587DD23193B1D1100C2741E /* CoreGraphics.framework */,
				6587DD25193B1D1100C2741E /* UIKit.framework */,
				6587DD40193B1D1200C2741E /* XCTest.framework */,
			);
			name = Frameworks;
			sourceTree = "<group>";
		};
		6587DD27193B1D1100C2741E /* Tabletop Maze */ = {
			isa = PBXGroup;
			children = (
				6587DD30193B1D1100C2741E /* AppDelegate.h */,
				6587DD31193B1D1100C2741E /* AppDelegate.m */,
				6587DD33193B1D1100C2741E /* Main.storyboard */,
				6587DD36193B1D1200C2741E /* ViewController.h */,
				6587DD37193B1D1200C2741E /* ViewController.m */,
				6587DD39193B1D1200C2741E /* Images.xcassets */,
				6587DD28193B1D1100C2741E /* Supporting Files */,
			);
			path = "Tabletop Maze";
			sourceTree = "<group>";
		};
		6587DD28193B1D1100C2741E /* Supporting Files */ = {
			isa = PBXGroup;
			children = (
				6587DD29193B1D1100C2741E /* Tabletop Maze-Info.plist */,
				6587DD2A193B1D1100C2741E /* InfoPlist.strings */,
				6587DD2D193B1D1100C2741E /* main.m */,
				6587DD2F193B1D1100C2741E /* Tabletop Maze-Prefix.pch */,
			);
			name = "Supporting Files";
			sourceTree = "<group>";
		};
		6587DD46193B1D1200C2741E /* Tabletop MazeTests */ = {
			isa = PBXGroup;
			children = (
				6587DD4C193B1D1200C2741E /* Tabletop_MazeTests.m */,
				6587DD47193B1D1200C2741E /* Supporting Files */,
			);
			path = "Tabletop MazeTests";
			sourceTree = "<group>";
		};
		6587DD47193B1D1200C2741E /* Supporting Files */ = {
			isa = PBXGroup;
			children = (
				6587DD48193B1D1200C2741E /* Tabletop MazeTests-Info.plist */,
				6587DD49193B1D1200C2741E /* InfoPlist.strings */,
			);
			name = "Supporting Files";
			sourceTree = "<group>";
		};
/* End PBXGroup section */

/* Begin PBXNativeTarget section */
		6587DD1D193B1D1100C2741E /* Tabletop Maze */ = {
			isa = PBXNativeTarget;
			buildConfigurationList = 6587DD50193B1D1200C2741E /* Build configuration list for PBXNativeTarget "Tabletop Maze" */;
			buildPhases = (
				6587DD1A193B1D1100C2741E /* Sources */,
				6587DD1B193B1D1100C2741E /* Frameworks */,
				6587DD1C193B1D1100C2741E /* Resources */,
			);
			buildRules = (
			);
			dependencies = (
			);
			name = "Tabletop Maze";
			productName = "Tabletop Maze";
			productReference = 6587DD1E193B1D1100C2741E /* Tabletop Maze.app */;
			productType = "com.apple.product-type.application";
		};
		6587DD3E193B1D1200C2741E /* Tabletop MazeTests */ = {
			isa = PBXNativeTarget;
			buildConfigurationList = 6587DD53193B1D1200C2741E /* Build configuration list for PBXNativeTarget "Tabletop MazeTests" */;
			buildPhases = (
				6587DD3B193B1D1200C2741E /* Sources */,
				6587DD3C193B1D1200C2741E /* Frameworks */,
				6587DD3D193B1D1200C2741E /* Resources */,
			);
			buildRules = (
			);
			dependencies = (
				6587DD45193B1D1200C2741E /* PBXTargetDependency */,
			);
			name = "Tabletop MazeTests";
			productName = "Tabletop MazeTests";
			productReference = 6587DD3F193B1D1200C2741E /* Tabletop MazeTests.xctest */;
			productType = "com.apple.product-type.bundle.unit-test";
		};
/* End PBXNativeTarget section */

/* Begin PBXProject section */
		6587DD16193B1D1100C2741E /* Project object */ = {
			isa = PBXProject;
			attributes = {
				LastUpgradeCheck = 0510;
				ORGANIZATIONNAME = "Trolls Ahead";
				TargetAttributes = {
					6587DD3E193B1D1200C2741E = {
						TestTargetID = 6587DD1D193B1D1100C2741E;
					};
				};
			};
			buildConfigurationList = 6587DD19193B1D1100C2741E /* Build configuration list for PBXProject "Tabletop Maze" */;
			compatibilityVersion = "Xcode 3.2";
			developmentRegion = English;
			hasScannedForEncodings = 0;
			knownRegions = (
				en,
				Base,
			);
			mainGroup = 6587DD15193B1D1100C2741E;
			productRefGroup = 6587DD1F193B1D1100C2741E /* Products */;
			projectDirPath = "";
			projectRoot = "";
			targets = (
				6587DD1D193B1D1100C2741E /* Tabletop Maze */,
				6587DD3E193B1D1200C2741E /* Tabletop MazeTests */,
			);
		};
/* End PBXProject section */

/* Begin PBXResourcesBuildPhase section */
		6587DD1C193B1D1100C2741E /* Resources */ = {
			isa = PBXResourcesBuildPhase;
			buildActionMask = 2147483647;
			files = (
				6587DD3A193B1D1200C2741E /* Images.xcassets in Resources */,
				6587DD2C193B1D1100C2741E /* InfoPlist.strings in Resources */,
				6587DD35193B1D1200C2741E /* Main.storyboard in Resources */,
			);
			runOnlyForDeploymentPostprocessing = 0;
		};
		6587DD3D193B1D1200C2741E /* Resources */ = {
			isa = PBXResourcesBuildPhase;
			buildActionMask = 2147483647;
			files = (
				6587DD4B193B1D1200C2741E /* InfoPlist.strings in Resources */,
			);
			runOnlyForDeploymentPostprocessing = 0;
		};
/* End PBXResourcesBuildPhase section */

/* Begin PBXSourcesBuildPhase section */
		6587DD1A193B1D1100C2741E /* Sources */ = {
			isa = PBXSourcesBuildPhase;
			buildActionMask = 2147483647;
			files = (
				6587DD38193B1D1200C2741E /* ViewController.m in Sources */,
				6587DD32193B1D1100C2741E /* AppDelegate.m in Sources */,
				6587DD2E193B1D1100C2741E /* main.m in Sources */,
			);
			runOnlyForDeploymentPostprocessing = 0;
		};
		6587DD3B193B1D1200C2741E /* Sources */ = {
			isa = PBXSourcesBuildPhase;
			buildActionMask = 2147483647;
			files = (
				6587DD4D193B1D1200C2741E /* Tabletop_MazeTests.m in Sources */,
			);
			runOnlyForDeploymentPostprocessing = 0;
		};
/* End PBXSourcesBuildPhase section */

/* Begin PBXTargetDependency section */
		6587DD45193B1D1200C2741E /* PBXTargetDependency */ = {
			isa = PBXTargetDependency;
			target = 6587DD1D193B1D1100C2741E /* Tabletop Maze */;
			targetProxy = 6587DD44193B1D1200C2741E /* PBXContainerItemProxy */;
		};
/* End PBXTargetDependency section */

/* Begin PBXVariantGroup section */
		6587DD2A193B1D1100C2741E /* InfoPlist.strings */ = {
			isa = PBXVariantGroup;
			children = (
				6587DD2B193B1D1100C2741E /* en */,
			);
			name = InfoPlist.strings;
			sourceTree = "<group>";
		};
		6587DD33193B1D1100C2741E /* Main.storyboard */ = {
			isa = PBXVariantGroup;
			children = (
				6587DD34193B1D1100C2741E /* Base */,
			);
			name = Main.storyboard;
			sourceTree = "<group>";
		};
		6587DD49193B1D1200C2741E /* InfoPlist.strings */ = {
			isa = PBXVariantGroup;
			children = (
				6587DD4A193B1D1200C2741E /* en */,
			);
			name = InfoPlist.strings;
			sourceTree = "<group>";
		};
/* End PBXVariantGroup section */

/* Begin XCBuildConfiguration section */
		6587DD4E193B1D1200C2741E /* Debug */ = {
			isa = XCBuildConfiguration;
			buildSettings = {
				ALWAYS_SEARCH_USER_PATHS = NO;
				CLANG_CXX_LANGUAGE_STANDARD = "gnu++0x";
				CLANG_CXX_LIBRARY = "libc++";
				CLANG_ENABLE_MODULES = YES;
				CLANG_ENABLE_OBJC_ARC = YES;
				CLANG_WARN_BOOL_CONVERSION = YES;
				CLANG_WARN_CONSTANT_CONVERSION = YES;
				CLANG_WARN_DIRECT_OBJC_ISA_USAGE = YES_ERROR;
				CLANG_WARN_EMPTY_BODY = YES;
				CLANG_WARN_ENUM_CONVERSION = YES;
				CLANG_WARN_INT_CONVERSION = YES;
				CLANG_WARN_OBJC_ROOT_CLASS = YES_ERROR;
				CLANG_WARN__DUPLICATE_METHOD_MATCH = YES;
				"CODE_SIGN_IDENTITY[sdk=iphoneos*]" = "iPhone Developer";
				COPY_PHASE_STRIP = NO;
				GCC_C_LANGUAGE_STANDARD = gnu99;
				GCC_DYNAMIC_NO_PIC = NO;
				GCC_OPTIMIZATION_LEVEL = 0;
				GCC_PREPROCESSOR_DEFINITIONS = (
					"DEBUG=1",
					"$(inherited)",
				);
				GCC_SYMBOLS_PRIVATE_EXTERN = NO;
				GCC_WARN_64_TO_32_BIT_CONVERSION = YES;
				GCC_WARN_ABOUT_RETURN_TYPE = YES_ERROR;
				GCC_WARN_UNDECLARED_SELECTOR = YES;
				GCC_WARN_UNINITIALIZED_AUTOS = YES_AGGRESSIVE;
				GCC_WARN_UNUSED_FUNCTION = YES;
				GCC_WARN_UNUSED_VARIABLE = YES;
				IPHONEOS_DEPLOYMENT_TARGET = 7.1;
				ONLY_ACTIVE_ARCH = YES;
				SDKROOT = iphoneos;
			};
			name = Debug;
		};
		6587DD4F193B1D1200C2741E /* Release */ = {
			isa = XCBuildConfiguration;
			buildSettings = {
				ALWAYS_SEARCH_USER_PATHS = NO;
				CLANG_CXX_LANGUAGE_STANDARD = "gnu++0x";
				CLANG_CXX_LIBRARY = "libc++";
				CLANG_ENABLE_MODULES = YES;
				CLANG_ENABLE_OBJC_ARC = YES;
				CLANG_WARN_BOOL_CONVERSION = YES;
				CLANG_WARN_CONSTANT_CONVERSION = YES;
				CLANG_WARN_DIRECT_OBJC_ISA_USAGE = YES_ERROR;
				CLANG_WARN_EMPTY_BODY = YES;
				CLANG_WARN_ENUM_CONVERSION = YES;
				CLANG_WARN_INT_CONVERSION = YES;
				CLANG_WARN_OBJC_ROOT_CLASS = YES_ERROR;
				CLANG_WARN__DUPLICATE_METHOD_MATCH = YES;
				"CODE_SIGN_IDENTITY[sdk=iphoneos*]" = "iPhone Developer";
				COPY_PHASE_STRIP = YES;
				ENABLE_NS_ASSERTIONS = NO;
				GCC_C_LANGUAGE_STANDARD = gnu99;
				GCC_WARN_64_TO_32_BIT_CONVERSION = YES;
				GCC_WARN_ABOUT_RETURN_TYPE = YES_ERROR;
				GCC_WARN_UNDECLARED_SELECTOR = YES;
				GCC_WARN_UNINITIALIZED_AUTOS = YES_AGGRESSIVE;
				GCC_WARN_UNUSED_FUNCTION = YES;
				GCC_WARN_UNUSED_VARIABLE = YES;
				IPHONEOS_DEPLOYMENT_TARGET = 7.1;
				SDKROOT = iphoneos;
				VALIDATE_PRODUCT = YES;
			};
			name = Release;
		};
		6587DD51193B1D1200C2741E /* Debug */ = {
			isa = XCBuildConfiguration;
			buildSettings = {
				ASSETCATALOG_COMPILER_APPICON_NAME = AppIcon;
				ASSETCATALOG_COMPILER_LAUNCHIMAGE_NAME = LaunchImage;
				GCC_PRECOMPILE_PREFIX_HEADER = YES;
				GCC_PREFIX_HEADER = "Tabletop Maze/Tabletop Maze-Prefix.pch";
				INFOPLIST_FILE = "Tabletop Maze/Tabletop Maze-Info.plist";
				PRODUCT_NAME = "$(TARGET_NAME)";
				WRAPPER_EXTENSION = app;
			};
			name = Debug;
		};
		6587DD52193B1D1200C2741E /* Release */ = {
			isa = XCBuildConfiguration;
			buildSettings = {
				ASSETCATALOG_COMPILER_APPICON_NAME = AppIcon;
				ASSETCATALOG_COMPILER_LAUNCHIMAGE_NAME = LaunchImage;
				GCC_PRECOMPILE_PREFIX_HEADER = YES;
				GCC_PREFIX_HEADER = "Tabletop Maze/Tabletop Maze-Prefix.pch";
				INFOPLIST_FILE = "Tabletop Maze/Tabletop Maze-Info.plist";
				PRODUCT_NAME = "$(TARGET_NAME)";
				WRAPPER_EXTENSION = app;
			};
			name = Release;
		};
		6587DD54193B1D1200C2741E /* Debug */ = {
			isa = XCBuildConfiguration;
			buildSettings = {
				BUNDLE_LOADER = "$(BUILT_PRODUCTS_DIR)/Tabletop Maze.app/Tabletop Maze";
				FRAMEWORK_SEARCH_PATHS = (
					"$(SDKROOT)/Developer/Library/Frameworks",
					"$(inherited)",
					"$(DEVELOPER_FRAMEWORKS_DIR)",
				);
				GCC_PRECOMPILE_PREFIX_HEADER = YES;
				GCC_PREFIX_HEADER = "Tabletop Maze/Tabletop Maze-Prefix.pch";
				GCC_PREPROCESSOR_DEFINITIONS = (
					"DEBUG=1",
					"$(inherited)",
				);
				INFOPLIST_FILE = "Tabletop MazeTests/Tabletop MazeTests-Info.plist";
				PRODUCT_NAME = "$(TARGET_NAME)";
				TEST_HOST = "$(BUNDLE_LOADER)";
				WRAPPER_EXTENSION = xctest;
			};
			name = Debug;
		};
		6587DD55193B1D1200C2741E /* Release */ = {
			isa = XCBuildConfiguration;
			buildSettings = {
				BUNDLE_LOADER = "$(BUILT_PRODUCTS_DIR)/Tabletop Maze.app/Tabletop Maze";
				FRAMEWORK_SEARCH_PATHS = (
					"$(SDKROOT)/Developer/Library/Frameworks",
					"$(inherited)",
					"$(DEVELOPER_FRAMEWORKS_DIR)",
				);
				GCC_PRECOMPILE_PREFIX_HEADER = YES;
				GCC_PREFIX_HEADER = "Tabletop Maze/Tabletop Maze-Prefix.pch";
				INFOPLIST_FILE = "Tabletop MazeTests/Tabletop MazeTests-Info.plist";
				PRODUCT_NAME = "$(TARGET_NAME)";
				TEST_HOST = "$(BUNDLE_LOADER)";
				WRAPPER_EXTENSION = xctest;
			};
			name = Release;
		};
/* End XCBuildConfiguration section */

/* Begin XCConfigurationList section */
		6587DD19193B1D1100C2741E /* Build configuration list for PBXProject "Tabletop Maze" */ = {
			isa = XCConfigurationList;
			buildConfigurations = (
				6587DD4E193B1D1200C2741E /* Debug */,
				6587DD4F193B1D1200C2741E /* Release */,
			);
			defaultConfigurationIsVisible = 0;
			defaultConfigurationName = Release;
		};
		6587DD50193B1D1200C2741E /* Build configuration list for PBXNativeTarget "Tabletop Maze" */ = {
			isa = XCConfigurationList;
			buildConfigurations = (
				6587DD51193B1D1200C2741E /* Debug */,
				6587DD52193B1D1200C2741E /* Release */,
			);
			defaultConfigurationIsVisible = 0;
		};
		6587DD53193B1D1200C2741E /* Build configuration list for PBXNativeTarget "Tabletop MazeTests" */ = {
			isa = XCConfigurationList;
			buildConfigurations = (
				6587DD54193B1D1200C2741E /* Debug */,
				6587DD55193B1D1200C2741E /* Release */,
			);
			defaultConfigurationIsVisible = 0;
		};
/* End XCConfigurationList section */
	};
	rootObject = 6587DD16193B1D1100C2741E /* Project object */;
}
